// !$*UTF8*$!
{
	archiveVersion = 1;
	classes = {
	};
	objectVersion = 48;
	objects = {

/* Begin PBXBuildFile section */
		F6DC13451FC43A4300381F56 /* AppDelegate.swift in Sources */ = {isa = PBXBuildFile; fileRef = F6DC13441FC43A4300381F56 /* AppDelegate.swift */; };
		F6DC13471FC43A4300381F56 /* ViewController.swift in Sources */ = {isa = PBXBuildFile; fileRef = F6DC13461FC43A4300381F56 /* ViewController.swift */; };
		F6DC134A1FC43A4300381F56 /* Main.storyboard in Resources */ = {isa = PBXBuildFile; fileRef = F6DC13481FC43A4300381F56 /* Main.storyboard */; };
		F6DC134C1FC43A4300381F56 /* Assets.xcassets in Resources */ = {isa = PBXBuildFile; fileRef = F6DC134B1FC43A4300381F56 /* Assets.xcassets */; };
		F6DC134F1FC43A4300381F56 /* LaunchScreen.storyboard in Resources */ = {isa = PBXBuildFile; fileRef = F6DC134D1FC43A4300381F56 /* LaunchScreen.storyboard */; };
		F6DC135A1FC43A4300381F56 /* TravisCI_DemoTests.swift in Sources */ = {isa = PBXBuildFile; fileRef = F6DC13591FC43A4300381F56 /* TravisCI_DemoTests.swift */; };
		F6DC13651FC43A4300381F56 /* TravisCI_DemoUITests.swift in Sources */ = {isa = PBXBuildFile; fileRef = F6DC13641FC43A4300381F56 /* TravisCI_DemoUITests.swift */; };
/* End PBXBuildFile section */

/* Begin PBXContainerItemProxy section */
		F6DC13561FC43A4300381F56 /* PBXContainerItemProxy */ = {
			isa = PBXContainerItemProxy;
			containerPortal = F6DC13391FC43A4200381F56 /* Project object */;
			proxyType = 1;
			remoteGlobalIDString = F6DC13401FC43A4300381F56;
			remoteInfo = "TravisCI Demo";
		};
		F6DC13611FC43A4300381F56 /* PBXContainerItemProxy */ = {
			isa = PBXContainerItemProxy;
			containerPortal = F6DC13391FC43A4200381F56 /* Project object */;
			proxyType = 1;
			remoteGlobalIDString = F6DC13401FC43A4300381F56;
			remoteInfo = "TravisCI Demo";
		};
/* End PBXContainerItemProxy section */

/* Begin PBXFileReference section */
		F6DC13411FC43A4300381F56 /* TravisCI Demo.app */ = {isa = PBXFileReference; explicitFileType = wrapper.application; includeInIndex = 0; path = "TravisCI Demo.app"; sourceTree = BUILT_PRODUCTS_DIR; };
		F6DC13441FC43A4300381F56 /* AppDelegate.swift */ = {isa = PBXFileReference; lastKnownFileType = sourcecode.swift; path = AppDelegate.swift; sourceTree = "<group>"; };
		F6DC13461FC43A4300381F56 /* ViewController.swift */ = {isa = PBXFileReference; lastKnownFileType = sourcecode.swift; path = ViewController.swift; sourceTree = "<group>"; };
		F6DC13491FC43A4300381F56 /* Base */ = {isa = PBXFileReference; lastKnownFileType = file.storyboard; name = Base; path = Base.lproj/Main.storyboard; sourceTree = "<group>"; };
		F6DC134B1FC43A4300381F56 /* Assets.xcassets */ = {isa = PBXFileReference; lastKnownFileType = folder.assetcatalog; path = Assets.xcassets; sourceTree = "<group>"; };
		F6DC134E1FC43A4300381F56 /* Base */ = {isa = PBXFileReference; lastKnownFileType = file.storyboard; name = Base; path = Base.lproj/LaunchScreen.storyboard; sourceTree = "<group>"; };
		F6DC13501FC43A4300381F56 /* Info.plist */ = {isa = PBXFileReference; lastKnownFileType = text.plist.xml; path = Info.plist; sourceTree = "<group>"; };
		F6DC13551FC43A4300381F56 /* TravisCI DemoTests.xctest */ = {isa = PBXFileReference; explicitFileType = wrapper.cfbundle; includeInIndex = 0; path = "TravisCI DemoTests.xctest"; sourceTree = BUILT_PRODUCTS_DIR; };
		F6DC13591FC43A4300381F56 /* TravisCI_DemoTests.swift */ = {isa = PBXFileReference; lastKnownFileType = sourcecode.swift; path = TravisCI_DemoTests.swift; sourceTree = "<group>"; };
		F6DC135B1FC43A4300381F56 /* Info.plist */ = {isa = PBXFileReference; lastKnownFileType = text.plist.xml; path = Info.plist; sourceTree = "<group>"; };
		F6DC13601FC43A4300381F56 /* TravisCI DemoUITests.xctest */ = {isa = PBXFileReference; explicitFileType = wrapper.cfbundle; includeInIndex = 0; path = "TravisCI DemoUITests.xctest"; sourceTree = BUILT_PRODUCTS_DIR; };
		F6DC13641FC43A4300381F56 /* TravisCI_DemoUITests.swift */ = {isa = PBXFileReference; lastKnownFileType = sourcecode.swift; path = TravisCI_DemoUITests.swift; sourceTree = "<group>"; };
		F6DC13661FC43A4300381F56 /* Info.plist */ = {isa = PBXFileReference; lastKnownFileType = text.plist.xml; path = Info.plist; sourceTree = "<group>"; };
/* End PBXFileReference section */

/* Begin PBXFrameworksBuildPhase section */
		F6DC133E1FC43A4300381F56 /* Frameworks */ = {
			isa = PBXFrameworksBuildPhase;
			buildActionMask = 2147483647;
			files = (
			);
			runOnlyForDeploymentPostprocessing = 0;
		};
		F6DC13521FC43A4300381F56 /* Frameworks */ = {
			isa = PBXFrameworksBuildPhase;
			buildActionMask = 2147483647;
			files = (
			);
			runOnlyForDeploymentPostprocessing = 0;
		};
		F6DC135D1FC43A4300381F56 /* Frameworks */ = {
			isa = PBXFrameworksBuildPhase;
			buildActionMask = 2147483647;
			files = (
			);
			runOnlyForDeploymentPostprocessing = 0;
		};
/* End PBXFrameworksBuildPhase section */

/* Begin PBXGroup section */
		F6DC13381FC43A4200381F56 = {
			isa = PBXGroup;
			children = (
				F6DC13431FC43A4300381F56 /* TravisCI Demo */,
				F6DC13581FC43A4300381F56 /* TravisCI DemoTests */,
				F6DC13631FC43A4300381F56 /* TravisCI DemoUITests */,
				F6DC13421FC43A4300381F56 /* Products */,
			);
			sourceTree = "<group>";
		};
		F6DC13421FC43A4300381F56 /* Products */ = {
			isa = PBXGroup;
			children = (
				F6DC13411FC43A4300381F56 /* TravisCI Demo.app */,
				F6DC13551FC43A4300381F56 /* TravisCI DemoTests.xctest */,
				F6DC13601FC43A4300381F56 /* TravisCI DemoUITests.xctest */,
			);
			name = Products;
			sourceTree = "<group>";
		};
		F6DC13431FC43A4300381F56 /* TravisCI Demo */ = {
			isa = PBXGroup;
			children = (
				F6DC13441FC43A4300381F56 /* AppDelegate.swift */,
				F6DC13461FC43A4300381F56 /* ViewController.swift */,
				F6DC13481FC43A4300381F56 /* Main.storyboard */,
				F6DC134B1FC43A4300381F56 /* Assets.xcassets */,
				F6DC134D1FC43A4300381F56 /* LaunchScreen.storyboard */,
				F6DC13501FC43A4300381F56 /* Info.plist */,
			);
			path = "TravisCI Demo";
			sourceTree = "<group>";
		};
		F6DC13581FC43A4300381F56 /* TravisCI DemoTests */ = {
			isa = PBXGroup;
			children = (
				F6DC13591FC43A4300381F56 /* TravisCI_DemoTests.swift */,
				F6DC135B1FC43A4300381F56 /* Info.plist */,
			);
			path = "TravisCI DemoTests";
			sourceTree = "<group>";
		};
		F6DC13631FC43A4300381F56 /* TravisCI DemoUITests */ = {
			isa = PBXGroup;
			children = (
				F6DC13641FC43A4300381F56 /* TravisCI_DemoUITests.swift */,
				F6DC13661FC43A4300381F56 /* Info.plist */,
			);
			path = "TravisCI DemoUITests";
			sourceTree = "<group>";
		};
/* End PBXGroup section */

/* Begin PBXNativeTarget section */
		F6DC13401FC43A4300381F56 /* TravisCI Demo */ = {
			isa = PBXNativeTarget;
			buildConfigurationList = F6DC13691FC43A4300381F56 /* Build configuration list for PBXNativeTarget "TravisCI Demo" */;
			buildPhases = (
				F6DC133D1FC43A4300381F56 /* Sources */,
				F6DC133E1FC43A4300381F56 /* Frameworks */,
				F6DC133F1FC43A4300381F56 /* Resources */,
			);
			buildRules = (
			);
			dependencies = (
			);
			name = "TravisCI Demo";
			productName = "TravisCI Demo";
			productReference = F6DC13411FC43A4300381F56 /* TravisCI Demo.app */;
			productType = "com.apple.product-type.application";
		};
		F6DC13541FC43A4300381F56 /* TravisCI DemoTests */ = {
			isa = PBXNativeTarget;
			buildConfigurationList = F6DC136C1FC43A4300381F56 /* Build configuration list for PBXNativeTarget "TravisCI DemoTests" */;
			buildPhases = (
				F6DC13511FC43A4300381F56 /* Sources */,
				F6DC13521FC43A4300381F56 /* Frameworks */,
				F6DC13531FC43A4300381F56 /* Resources */,
			);
			buildRules = (
			);
			dependencies = (
				F6DC13571FC43A4300381F56 /* PBXTargetDependency */,
			);
			name = "TravisCI DemoTests";
			productName = "TravisCI DemoTests";
			productReference = F6DC13551FC43A4300381F56 /* TravisCI DemoTests.xctest */;
			productType = "com.apple.product-type.bundle.unit-test";
		};
		F6DC135F1FC43A4300381F56 /* TravisCI DemoUITests */ = {
			isa = PBXNativeTarget;
			buildConfigurationList = F6DC136F1FC43A4300381F56 /* Build configuration list for PBXNativeTarget "TravisCI DemoUITests" */;
			buildPhases = (
				F6DC135C1FC43A4300381F56 /* Sources */,
				F6DC135D1FC43A4300381F56 /* Frameworks */,
				F6DC135E1FC43A4300381F56 /* Resources */,
			);
			buildRules = (
			);
			dependencies = (
				F6DC13621FC43A4300381F56 /* PBXTargetDependency */,
			);
			name = "TravisCI DemoUITests";
			productName = "TravisCI DemoUITests";
			productReference = F6DC13601FC43A4300381F56 /* TravisCI DemoUITests.xctest */;
			productType = "com.apple.product-type.bundle.ui-testing";
		};
/* End PBXNativeTarget section */

/* Begin PBXProject section */
		F6DC13391FC43A4200381F56 /* Project object */ = {
			isa = PBXProject;
			attributes = {
				LastSwiftUpdateCheck = 0900;
				LastUpgradeCheck = 0900;
				ORGANIZATIONNAME = "Vipul Jikadra";
				TargetAttributes = {
					F6DC13401FC43A4300381F56 = {
						CreatedOnToolsVersion = 9.0;
						ProvisioningStyle = Automatic;
					};
					F6DC13541FC43A4300381F56 = {
						CreatedOnToolsVersion = 9.0;
						ProvisioningStyle = Automatic;
						TestTargetID = F6DC13401FC43A4300381F56;
					};
					F6DC135F1FC43A4300381F56 = {
						CreatedOnToolsVersion = 9.0;
						ProvisioningStyle = Automatic;
						TestTargetID = F6DC13401FC43A4300381F56;
					};
				};
			};
			buildConfigurationList = F6DC133C1FC43A4200381F56 /* Build configuration list for PBXProject "TravisCI Demo" */;
			compatibilityVersion = "Xcode 8.0";
			developmentRegion = en;
			hasScannedForEncodings = 0;
			knownRegions = (
				en,
				Base,
			);
			mainGroup = F6DC13381FC43A4200381F56;
			productRefGroup = F6DC13421FC43A4300381F56 /* Products */;
			projectDirPath = "";
			projectRoot = "";
			targets = (
				F6DC13401FC43A4300381F56 /* TravisCI Demo */,
				F6DC13541FC43A4300381F56 /* TravisCI DemoTests */,
				F6DC135F1FC43A4300381F56 /* TravisCI DemoUITests */,
			);
		};
/* End PBXProject section */

/* Begin PBXResourcesBuildPhase section */
		F6DC133F1FC43A4300381F56 /* Resources */ = {
			isa = PBXResourcesBuildPhase;
			buildActionMask = 2147483647;
			files = (
				F6DC134F1FC43A4300381F56 /* LaunchScreen.storyboard in Resources */,
				F6DC134C1FC43A4300381F56 /* Assets.xcassets in Resources */,
				F6DC134A1FC43A4300381F56 /* Main.storyboard in Resources */,
			);
			runOnlyForDeploymentPostprocessing = 0;
		};
		F6DC13531FC43A4300381F56 /* Resources */ = {
			isa = PBXResourcesBuildPhase;
			buildActionMask = 2147483647;
			files = (
			);
			runOnlyForDeploymentPostprocessing = 0;
		};
		F6DC135E1FC43A4300381F56 /* Resources */ = {
			isa = PBXResourcesBuildPhase;
			buildActionMask = 2147483647;
			files = (
			);
			runOnlyForDeploymentPostprocessing = 0;
		};
/* End PBXResourcesBuildPhase section */

/* Begin PBXSourcesBuildPhase section */
		F6DC133D1FC43A4300381F56 /* Sources */ = {
			isa = PBXSourcesBuildPhase;
			buildActionMask = 2147483647;
			files = (
				F6DC13471FC43A4300381F56 /* ViewController.swift in Sources */,
				F6DC13451FC43A4300381F56 /* AppDelegate.swift in Sources */,
			);
			runOnlyForDeploymentPostprocessing = 0;
		};
		F6DC13511FC43A4300381F56 /* Sources */ = {
			isa = PBXSourcesBuildPhase;
			buildActionMask = 2147483647;
			files = (
				F6DC135A1FC43A4300381F56 /* TravisCI_DemoTests.swift in Sources */,
			);
			runOnlyForDeploymentPostprocessing = 0;
		};
		F6DC135C1FC43A4300381F56 /* Sources */ = {
			isa = PBXSourcesBuildPhase;
			buildActionMask = 2147483647;
			files = (
				F6DC13651FC43A4300381F56 /* TravisCI_DemoUITests.swift in Sources */,
			);
			runOnlyForDeploymentPostprocessing = 0;
		};
/* End PBXSourcesBuildPhase section */

/* Begin PBXTargetDependency section */
		F6DC13571FC43A4300381F56 /* PBXTargetDependency */ = {
			isa = PBXTargetDependency;
			target = F6DC13401FC43A4300381F56 /* TravisCI Demo */;
			targetProxy = F6DC13561FC43A4300381F56 /* PBXContainerItemProxy */;
		};
		F6DC13621FC43A4300381F56 /* PBXTargetDependency */ = {
			isa = PBXTargetDependency;
			target = F6DC13401FC43A4300381F56 /* TravisCI Demo */;
			targetProxy = F6DC13611FC43A4300381F56 /* PBXContainerItemProxy */;
		};
/* End PBXTargetDependency section */

/* Begin PBXVariantGroup section */
		F6DC13481FC43A4300381F56 /* Main.storyboard */ = {
			isa = PBXVariantGroup;
			children = (
				F6DC13491FC43A4300381F56 /* Base */,
			);
			name = Main.storyboard;
			sourceTree = "<group>";
		};
		F6DC134D1FC43A4300381F56 /* LaunchScreen.storyboard */ = {
			isa = PBXVariantGroup;
			children = (
				F6DC134E1FC43A4300381F56 /* Base */,
			);
			name = LaunchScreen.storyboard;
			sourceTree = "<group>";
		};
/* End PBXVariantGroup section */

/* Begin XCBuildConfiguration section */
		F6DC13671FC43A4300381F56 /* Debug */ = {
			isa = XCBuildConfiguration;
			buildSettings = {
				ALWAYS_SEARCH_USER_PATHS = NO;
				CLANG_ANALYZER_NONNULL = YES;
				CLANG_ANALYZER_NUMBER_OBJECT_CONVERSION = YES_AGGRESSIVE;
				CLANG_CXX_LANGUAGE_STANDARD = "gnu++14";
				CLANG_CXX_LIBRARY = "libc++";
				CLANG_ENABLE_MODULES = YES;
				CLANG_ENABLE_OBJC_ARC = YES;
				CLANG_WARN_BLOCK_CAPTURE_AUTORELEASING = YES;
				CLANG_WARN_BOOL_CONVERSION = YES;
				CLANG_WARN_COMMA = YES;
				CLANG_WARN_CONSTANT_CONVERSION = YES;
				CLANG_WARN_DIRECT_OBJC_ISA_USAGE = YES_ERROR;
				CLANG_WARN_DOCUMENTATION_COMMENTS = YES;
				CLANG_WARN_EMPTY_BODY = YES;
				CLANG_WARN_ENUM_CONVERSION = YES;
				CLANG_WARN_INFINITE_RECURSION = YES;
				CLANG_WARN_INT_CONVERSION = YES;
				CLANG_WARN_NON_LITERAL_NULL_CONVERSION = YES;
				CLANG_WARN_OBJC_LITERAL_CONVERSION = YES;
				CLANG_WARN_OBJC_ROOT_CLASS = YES_ERROR;
				CLANG_WARN_RANGE_LOOP_ANALYSIS = YES;
				CLANG_WARN_STRICT_PROTOTYPES = YES;
				CLANG_WARN_SUSPICIOUS_MOVE = YES;
				CLANG_WARN_UNGUARDED_AVAILABILITY = YES_AGGRESSIVE;
				CLANG_WARN_UNREACHABLE_CODE = YES;
				CLANG_WARN__DUPLICATE_METHOD_MATCH = YES;
				CODE_SIGN_IDENTITY = "iPhone Developer";
				COPY_PHASE_STRIP = NO;
				DEBUG_INFORMATION_FORMAT = dwarf;
				ENABLE_STRICT_OBJC_MSGSEND = YES;
				ENABLE_TESTABILITY = YES;
				GCC_C_LANGUAGE_STANDARD = gnu11;
				GCC_DYNAMIC_NO_PIC = NO;
				GCC_NO_COMMON_BLOCKS = YES;
				GCC_OPTIMIZATION_LEVEL = 0;
				GCC_PREPROCESSOR_DEFINITIONS = (
					"DEBUG=1",
					"$(inherited)",
				);
				GCC_WARN_64_TO_32_BIT_CONVERSION = YES;
				GCC_WARN_ABOUT_RETURN_TYPE = YES_ERROR;
				GCC_WARN_UNDECLARED_SELECTOR = YES;
				GCC_WARN_UNINITIALIZED_AUTOS = YES_AGGRESSIVE;
				GCC_WARN_UNUSED_FUNCTION = YES;
				GCC_WARN_UNUSED_VARIABLE = YES;
				IPHONEOS_DEPLOYMENT_TARGET = 11.0;
				MTL_ENABLE_DEBUG_INFO = YES;
				ONLY_ACTIVE_ARCH = YES;
				SDKROOT = iphoneos;
				SWIFT_ACTIVE_COMPILATION_CONDITIONS = DEBUG;
				SWIFT_OPTIMIZATION_LEVEL = "-Onone";
			};
			name = Debug;
		};
		F6DC13681FC43A4300381F56 /* Release */ = {
			isa = XCBuildConfiguration;
			buildSettings = {
				ALWAYS_SEARCH_USER_PATHS = NO;
				CLANG_ANALYZER_NONNULL = YES;
				CLANG_ANALYZER_NUMBER_OBJECT_CONVERSION = YES_AGGRESSIVE;
				CLANG_CXX_LANGUAGE_STANDARD = "gnu++14";
				CLANG_CXX_LIBRARY = "libc++";
				CLANG_ENABLE_MODULES = YES;
				CLANG_ENABLE_OBJC_ARC = YES;
				CLANG_WARN_BLOCK_CAPTURE_AUTORELEASING = YES;
				CLANG_WARN_BOOL_CONVERSION = YES;
				CLANG_WARN_COMMA = YES;
				CLANG_WARN_CONSTANT_CONVERSION = YES;
				CLANG_WARN_DIRECT_OBJC_ISA_USAGE = YES_ERROR;
				CLANG_WARN_DOCUMENTATION_COMMENTS = YES;
				CLANG_WARN_EMPTY_BODY = YES;
				CLANG_WARN_ENUM_CONVERSION = YES;
				CLANG_WARN_INFINITE_RECURSION = YES;
				CLANG_WARN_INT_CONVERSION = YES;
				CLANG_WARN_NON_LITERAL_NULL_CONVERSION = YES;
				CLANG_WARN_OBJC_LITERAL_CONVERSION = YES;
				CLANG_WARN_OBJC_ROOT_CLASS = YES_ERROR;
				CLANG_WARN_RANGE_LOOP_ANALYSIS = YES;
				CLANG_WARN_STRICT_PROTOTYPES = YES;
				CLANG_WARN_SUSPICIOUS_MOVE = YES;
				CLANG_WARN_UNGUARDED_AVAILABILITY = YES_AGGRESSIVE;
				CLANG_WARN_UNREACHABLE_CODE = YES;
				CLANG_WARN__DUPLICATE_METHOD_MATCH = YES;
				CODE_SIGN_IDENTITY = "iPhone Developer";
				COPY_PHASE_STRIP = NO;
				DEBUG_INFORMATION_FORMAT = "dwarf-with-dsym";
				ENABLE_NS_ASSERTIONS = NO;
				ENABLE_STRICT_OBJC_MSGSEND = YES;
				GCC_C_LANGUAGE_STANDARD = gnu11;
				GCC_NO_COMMON_BLOCKS = YES;
				GCC_WARN_64_TO_32_BIT_CONVERSION = YES;
				GCC_WARN_ABOUT_RETURN_TYPE = YES_ERROR;
				GCC_WARN_UNDECLARED_SELECTOR = YES;
				GCC_WARN_UNINITIALIZED_AUTOS = YES_AGGRESSIVE;
				GCC_WARN_UNUSED_FUNCTION = YES;
				GCC_WARN_UNUSED_VARIABLE = YES;
				IPHONEOS_DEPLOYMENT_TARGET = 11.0;
				MTL_ENABLE_DEBUG_INFO = NO;
				SDKROOT = iphoneos;
				SWIFT_OPTIMIZATION_LEVEL = "-Owholemodule";
				VALIDATE_PRODUCT = YES;
			};
			name = Release;
		};
		F6DC136A1FC43A4300381F56 /* Debug */ = {
			isa = XCBuildConfiguration;
			buildSettings = {
				ASSETCATALOG_COMPILER_APPICON_NAME = AppIcon;
				CODE_SIGN_STYLE = Automatic;
				DEVELOPMENT_TEAM = 8M6PLQT67R;
				INFOPLIST_FILE = "TravisCI Demo/Info.plist";
				LD_RUNPATH_SEARCH_PATHS = "$(inherited) @executable_path/Frameworks";
				PRODUCT_BUNDLE_IDENTIFIER = "AditeTech.TravisCI-Demo";
				PRODUCT_NAME = "$(TARGET_NAME)";
				SWIFT_VERSION = 4.0;
				TARGETED_DEVICE_FAMILY = "1,2";
			};
			name = Debug;
		};
		F6DC136B1FC43A4300381F56 /* Release */ = {
			isa = XCBuildConfiguration;
			buildSettings = {
				ASSETCATALOG_COMPILER_APPICON_NAME = AppIcon;
				CODE_SIGN_STYLE = Automatic;
				DEVELOPMENT_TEAM = 8M6PLQT67R;
				INFOPLIST_FILE = "TravisCI Demo/Info.plist";
				LD_RUNPATH_SEARCH_PATHS = "$(inherited) @executable_path/Frameworks";
				PRODUCT_BUNDLE_IDENTIFIER = "AditeTech.TravisCI-Demo";
				PRODUCT_NAME = "$(TARGET_NAME)";
				SWIFT_VERSION = 4.0;
				TARGETED_DEVICE_FAMILY = "1,2";
			};
			name = Release;
		};
		F6DC136D1FC43A4300381F56 /* Debug */ = {
			isa = XCBuildConfiguration;
			buildSettings = {
				ALWAYS_EMBED_SWIFT_STANDARD_LIBRARIES = YES;
				BUNDLE_LOADER = "$(TEST_HOST)";
				CODE_SIGN_STYLE = Automatic;
				DEVELOPMENT_TEAM = 8M6PLQT67R;
				INFOPLIST_FILE = "TravisCI DemoTests/Info.plist";
				LD_RUNPATH_SEARCH_PATHS = "$(inherited) @executable_path/Frameworks @loader_path/Frameworks";
				PRODUCT_BUNDLE_IDENTIFIER = "AditeTech.TravisCI-DemoTests";
				PRODUCT_NAME = "$(TARGET_NAME)";
				SWIFT_VERSION = 4.0;
				TARGETED_DEVICE_FAMILY = "1,2";
				TEST_HOST = "$(BUILT_PRODUCTS_DIR)/TravisCI Demo.app/TravisCI Demo";
			};
			name = Debug;
		};
		F6DC136E1FC43A4300381F56 /* Release */ = {
			isa = XCBuildConfiguration;
			buildSettings = {
				ALWAYS_EMBED_SWIFT_STANDARD_LIBRARIES = YES;
				BUNDLE_LOADER = "$(TEST_HOST)";
				CODE_SIGN_STYLE = Automatic;
				DEVELOPMENT_TEAM = 8M6PLQT67R;
				INFOPLIST_FILE = "TravisCI DemoTests/Info.plist";
				LD_RUNPATH_SEARCH_PATHS = "$(inherited) @executable_path/Frameworks @loader_path/Frameworks";
				PRODUCT_BUNDLE_IDENTIFIER = "AditeTech.TravisCI-DemoTests";
				PRODUCT_NAME = "$(TARGET_NAME)";
				SWIFT_VERSION = 4.0;
				TARGETED_DEVICE_FAMILY = "1,2";
				TEST_HOST = "$(BUILT_PRODUCTS_DIR)/TravisCI Demo.app/TravisCI Demo";
			};
			name = Release;
		};
		F6DC13701FC43A4300381F56 /* Debug */ = {
			isa = XCBuildConfiguration;
			buildSettings = {
				ALWAYS_EMBED_SWIFT_STANDARD_LIBRARIES = YES;
				CODE_SIGN_STYLE = Automatic;
				DEVELOPMENT_TEAM = 8M6PLQT67R;
				INFOPLIST_FILE = "TravisCI DemoUITests/Info.plist";
				LD_RUNPATH_SEARCH_PATHS = "$(inherited) @executable_path/Frameworks @loader_path/Frameworks";
				PRODUCT_BUNDLE_IDENTIFIER = "AditeTech.TravisCI-DemoUITests";
				PRODUCT_NAME = "$(TARGET_NAME)";
				SWIFT_VERSION = 4.0;
				TARGETED_DEVICE_FAMILY = "1,2";
				TEST_TARGET_NAME = "TravisCI Demo";
			};
			name = Debug;
		};
		F6DC13711FC43A4300381F56 /* Release */ = {
			isa = XCBuildConfiguration;
			buildSettings = {
				ALWAYS_EMBED_SWIFT_STANDARD_LIBRARIES = YES;
				CODE_SIGN_STYLE = Automatic;
				DEVELOPMENT_TEAM = 8M6PLQT67R;
				INFOPLIST_FILE = "TravisCI DemoUITests/Info.plist";
				LD_RUNPATH_SEARCH_PATHS = "$(inherited) @executable_path/Frameworks @loader_path/Frameworks";
				PRODUCT_BUNDLE_IDENTIFIER = "AditeTech.TravisCI-DemoUITests";
				PRODUCT_NAME = "$(TARGET_NAME)";
				SWIFT_VERSION = 4.0;
				TARGETED_DEVICE_FAMILY = "1,2";
				TEST_TARGET_NAME = "TravisCI Demo";
			};
			name = Release;
		};
/* End XCBuildConfiguration section */

/* Begin XCConfigurationList section */
		F6DC133C1FC43A4200381F56 /* Build configuration list for PBXProject "TravisCI Demo" */ = {
			isa = XCConfigurationList;
			buildConfigurations = (
				F6DC13671FC43A4300381F56 /* Debug */,
				F6DC13681FC43A4300381F56 /* Release */,
			);
			defaultConfigurationIsVisible = 0;
			defaultConfigurationName = Release;
		};
		F6DC13691FC43A4300381F56 /* Build configuration list for PBXNativeTarget "TravisCI Demo" */ = {
			isa = XCConfigurationList;
			buildConfigurations = (
				F6DC136A1FC43A4300381F56 /* Debug */,
				F6DC136B1FC43A4300381F56 /* Release */,
			);
			defaultConfigurationIsVisible = 0;
			defaultConfigurationName = Release;
		};
		F6DC136C1FC43A4300381F56 /* Build configuration list for PBXNativeTarget "TravisCI DemoTests" */ = {
			isa = XCConfigurationList;
			buildConfigurations = (
				F6DC136D1FC43A4300381F56 /* Debug */,
				F6DC136E1FC43A4300381F56 /* Release */,
			);
			defaultConfigurationIsVisible = 0;
			defaultConfigurationName = Release;
		};
		F6DC136F1FC43A4300381F56 /* Build configuration list for PBXNativeTarget "TravisCI DemoUITests" */ = {
			isa = XCConfigurationList;
			buildConfigurations = (
				F6DC13701FC43A4300381F56 /* Debug */,
				F6DC13711FC43A4300381F56 /* Release */,
			);
			defaultConfigurationIsVisible = 0;
			defaultConfigurationName = Release;
		};
/* End XCConfigurationList section */
	};
	rootObject = F6DC13391FC43A4200381F56 /* Project object */;
}
